
Microsoft Visual Studio Solution File, Format Version 12.00
# Visual Studio 15
VisualStudioVersion = 15.0.28307.168
MinimumVisualStudioVersion = 10.0.40219.1
Project("{FAE04EC0-301F-11D3-BF4B-00C04F79EFBC}") = "ConsoleApp11", "ConsoleApp11\ConsoleApp11.csproj", "{4480AB66-3E2E-4791-8BBD-B327A571BD33}"
EndProject
Global
	GlobalSection(SolutionConfigurationPlatforms) = preSolution
		Debug|Any CPU = Debug|Any CPU
		Release|Any CPU = Release|Any CPU
	EndGlobalSection
	GlobalSection(ProjectConfigurationPlatforms) = postSolution
		{4480AB66-3E2E-4791-8BBD-B327A571BD33}.Debug|Any CPU.ActiveCfg = Debug|Any CPU
		{4480AB66-3E2E-4791-8BBD-B327A571BD33}.Debug|Any CPU.Build.0 = Debug|Any CPU
		{4480AB66-3E2E-4791-8BBD-B327A571BD33}.Release|Any CPU.ActiveCfg = Release|Any CPU
		{4480AB66-3E2E-4791-8BBD-B327A571BD33}.Release|Any CPU.Build.0 = Release|Any CPU
	EndGlobalSection
	GlobalSection(SolutionProperties) = preSolution
		HideSolutionNode = FALSE
	EndGlobalSection
	GlobalSection(ExtensibilityGlobals) = postSolution
		SolutionGuid = {01DF5633-73B5-4722-9B10-17486FC7319B}
	EndGlobalSection
EndGlobal
